# This file is automatically @generated by Cargo.
# It is not intended for manual editing.
version = 4

[[package]]
name = "racer"
version = "0.1.0"
dependencies = [
 "rotor-rs",
]

[[package]]
name = "rl-env"
version = "0.1.0"
dependencies = [
 "racer",
 "rotor-rs",
]

[[package]]
name = "rotor-rs"
version = "0.1.0"
