# This file is automatically @generated by Cargo.
# It is not intended for manual editing.
version = 4

[[package]]
name = "racer"
version = "0.1.0"
dependencies = [
 "rotor-rs",
]

[[package]]
name = "rl-env"
version = "0.1.0"
dependencies = [
 "racer",
 "rotor-rs",
]

[[package]]
name = "rotor-rs"
version = "0.1.0"
source = "registry+https://github.com/rust-lang/crates.io-index"
checksum = "0693e2a0a5c7aa7da8ef7a0dd73c40ef5ead2ab751209a40ccf1594917ebaeac"
